{
  "version": 4,
  "terraform_version": "1.9.8",
  "serial": 1,
  "lineage": "e79ffc8f-f92d-7bde-ac44-56ad9d7f5d00",
  "outputs": {},
  "resources": [
    {
      "mode": "data",
      "type": "databricks_node_type",
      "name": "smallest",
      "provider": "provider[\"registry.terraform.io/databricks/databricks\"]",
      "instances": [
        {
          "schema_version": 0,
          "attributes": {
            "category": null,
            "fleet": null,
            "gb_per_core": null,
            "graviton": null,
            "id": "Standard_F4s",
            "is_io_cache_enabled": null,
            "local_disk": true,
            "local_disk_min_size": null,
            "min_cores": null,
            "min_gpus": null,
            "min_memory_gb": null,
            "photon_driver_capable": null,
            "photon_worker_capable": null,
            "support_port_forwarding": null
          },
          "sensitive_attributes": []
        }
      ]
    },
    {
      "mode": "data",
      "type": "databricks_spark_version",
      "name": "latest_lts",
      "provider": "provider[\"registry.terraform.io/databricks/databricks\"]",
      "instances": [
        {
          "schema_version": 0,
          "attributes": {
            "beta": false,
            "genomics": false,
            "gpu": false,
            "graviton": false,
            "id": "15.4.x-scala2.12",
            "latest": true,
            "long_term_support": true,
            "ml": false,
            "photon": false,
            "scala": "2.12",
            "spark_version": null
          },
          "sensitive_attributes": []
        }
      ]
    },
    {
      "mode": "managed",
      "type": "databricks_cluster",
      "name": "shared_autoscaling",
      "provider": "provider[\"registry.terraform.io/databricks/databricks\"]",
      "instances": [
        {
          "schema_version": 4,
          "attributes": {
            "apply_policy_default_values": null,
            "autoscale": [
              {
                "max_workers": 2,
                "min_workers": 1
              }
            ],
            "autotermination_minutes": 20,
            "aws_attributes": [],
            "azure_attributes": [
              {
                "availability": "ON_DEMAND_AZURE",
                "first_on_demand": 1,
                "log_analytics_info": [],
                "spot_bid_max_price": -1
              }
            ],
            "cluster_id": "1114-220850-4p9br8aw",
            "cluster_log_conf": [],
            "cluster_mount_info": [],
            "cluster_name": "Shared Autoscaling",
            "custom_tags": null,
            "data_security_mode": null,
            "default_tags": {
              "ClusterId": "1114-220850-4p9br8aw",
              "ClusterName": "Shared Autoscaling",
              "Creator": "b7172d83-2ffb-4488-a2ee-fb2f014d4b50",
              "Owner": "roberto.umana@databricks.com",
              "Vendor": "Databricks"
            },
            "docker_image": [],
            "driver_instance_pool_id": null,
            "driver_node_type_id": "Standard_F4s",
            "enable_elastic_disk": true,
            "enable_local_disk_encryption": false,
            "gcp_attributes": [],
            "id": "1114-220850-4p9br8aw",
            "idempotency_token": null,
            "init_scripts": [],
            "instance_pool_id": null,
            "is_pinned": false,
            "library": [],
            "no_wait": null,
            "node_type_id": "Standard_F4s",
            "num_workers": 0,
            "policy_id": null,
            "runtime_engine": null,
            "single_user_name": null,
            "spark_conf": null,
            "spark_env_vars": null,
            "spark_version": "15.4.x-scala2.12",
            "ssh_public_keys": null,
            "state": "RUNNING",
            "timeouts": null,
            "url": "https://adb-3466794808232600.0.azuredatabricks.net/#setting/clusters/1114-220850-4p9br8aw/configuration",
            "workload_type": []
          },
          "sensitive_attributes": [],
          "private": "eyJlMmJmYjczMC1lY2FhLTExZTYtOGY4OC0zNDM2M2JjN2M0YzAiOnsiY3JlYXRlIjoxODAwMDAwMDAwMDAwLCJkZWxldGUiOjE4MDAwMDAwMDAwMDAsInVwZGF0ZSI6MTgwMDAwMDAwMDAwMH0sInNjaGVtYV92ZXJzaW9uIjoiNCJ9",
          "dependencies": [
            "data.databricks_node_type.smallest",
            "data.databricks_spark_version.latest_lts"
          ]
        }
      ]
    }
  ],
  "check_results": null
}
